// !$*UTF8*$!
{
	archiveVersion = 1;
	classes = {
	};
	objectVersion = 56;
	objects = {

/* Begin PBXBuildFile section */
		9C4AA06B29FF649D006F2B58 /* AppDelegate.swift in Sources */ = {isa = PBXBuildFile; fileRef = 9C4AA06A29FF649D006F2B58 /* AppDelegate.swift */; };
		9C4AA06D29FF649D006F2B58 /* SceneDelegate.swift in Sources */ = {isa = PBXBuildFile; fileRef = 9C4AA06C29FF649D006F2B58 /* SceneDelegate.swift */; };
		9C4AA06F29FF649D006F2B58 /* SearchViewController.swift in Sources */ = {isa = PBXBuildFile; fileRef = 9C4AA06E29FF649D006F2B58 /* SearchViewController.swift */; };
		9C4AA07229FF649D006F2B58 /* Main.storyboard in Resources */ = {isa = PBXBuildFile; fileRef = 9C4AA07029FF649D006F2B58 /* Main.storyboard */; };
		9C4AA07529FF649D006F2B58 /* lolSerachApp.xcdatamodeld in Sources */ = {isa = PBXBuildFile; fileRef = 9C4AA07329FF649D006F2B58 /* lolSerachApp.xcdatamodeld */; };
		9C4AA07729FF649E006F2B58 /* Assets.xcassets in Resources */ = {isa = PBXBuildFile; fileRef = 9C4AA07629FF649E006F2B58 /* Assets.xcassets */; };
		9C4AA07A29FF649E006F2B58 /* LaunchScreen.storyboard in Resources */ = {isa = PBXBuildFile; fileRef = 9C4AA07829FF649E006F2B58 /* LaunchScreen.storyboard */; };
		9C4AA08329FF6756006F2B58 /* lol_logo.png in Resources */ = {isa = PBXBuildFile; fileRef = 9C4AA08229FF6756006F2B58 /* lol_logo.png */; };
		9C4AA08529FF6919006F2B58 /* ButtonController.swift in Sources */ = {isa = PBXBuildFile; fileRef = 9C4AA08429FF6919006F2B58 /* ButtonController.swift */; };
		9C4AA08829FF6A59006F2B58 /* DetailViewController.swift in Sources */ = {isa = PBXBuildFile; fileRef = 9C4AA08629FF6A59006F2B58 /* DetailViewController.swift */; };
		9C4AA08929FF6A59006F2B58 /* DetailViewController.xib in Resources */ = {isa = PBXBuildFile; fileRef = 9C4AA08729FF6A59006F2B58 /* DetailViewController.xib */; };
		9C4AA08B29FFEC5C006F2B58 /* RequestAPI.swift in Sources */ = {isa = PBXBuildFile; fileRef = 9C4AA08A29FFEC5C006F2B58 /* RequestAPI.swift */; };
/* End PBXBuildFile section */

/* Begin PBXFileReference section */
		9C4AA06729FF649D006F2B58 /* lolSerachApp.app */ = {isa = PBXFileReference; explicitFileType = wrapper.application; includeInIndex = 0; path = lolSerachApp.app; sourceTree = BUILT_PRODUCTS_DIR; };
		9C4AA06A29FF649D006F2B58 /* AppDelegate.swift */ = {isa = PBXFileReference; lastKnownFileType = sourcecode.swift; path = AppDelegate.swift; sourceTree = "<group>"; };
		9C4AA06C29FF649D006F2B58 /* SceneDelegate.swift */ = {isa = PBXFileReference; lastKnownFileType = sourcecode.swift; path = SceneDelegate.swift; sourceTree = "<group>"; };
		9C4AA06E29FF649D006F2B58 /* SearchViewController.swift */ = {isa = PBXFileReference; lastKnownFileType = sourcecode.swift; path = SearchViewController.swift; sourceTree = "<group>"; };
		9C4AA07129FF649D006F2B58 /* Base */ = {isa = PBXFileReference; lastKnownFileType = file.storyboard; name = Base; path = Base.lproj/Main.storyboard; sourceTree = "<group>"; };
		9C4AA07429FF649D006F2B58 /* lolSerachApp.xcdatamodel */ = {isa = PBXFileReference; lastKnownFileType = wrapper.xcdatamodel; path = lolSerachApp.xcdatamodel; sourceTree = "<group>"; };
		9C4AA07629FF649E006F2B58 /* Assets.xcassets */ = {isa = PBXFileReference; lastKnownFileType = folder.assetcatalog; path = Assets.xcassets; sourceTree = "<group>"; };
		9C4AA07929FF649E006F2B58 /* Base */ = {isa = PBXFileReference; lastKnownFileType = file.storyboard; name = Base; path = Base.lproj/LaunchScreen.storyboard; sourceTree = "<group>"; };
		9C4AA07B29FF649E006F2B58 /* Info.plist */ = {isa = PBXFileReference; lastKnownFileType = text.plist.xml; path = Info.plist; sourceTree = "<group>"; };
		9C4AA08229FF6756006F2B58 /* lol_logo.png */ = {isa = PBXFileReference; lastKnownFileType = image.png; path = lol_logo.png; sourceTree = "<group>"; };
		9C4AA08429FF6919006F2B58 /* ButtonController.swift */ = {isa = PBXFileReference; lastKnownFileType = sourcecode.swift; path = ButtonController.swift; sourceTree = "<group>"; };
		9C4AA08629FF6A59006F2B58 /* DetailViewController.swift */ = {isa = PBXFileReference; lastKnownFileType = sourcecode.swift; path = DetailViewController.swift; sourceTree = "<group>"; };
		9C4AA08729FF6A59006F2B58 /* DetailViewController.xib */ = {isa = PBXFileReference; lastKnownFileType = file.xib; path = DetailViewController.xib; sourceTree = "<group>"; };
		9C4AA08A29FFEC5C006F2B58 /* RequestAPI.swift */ = {isa = PBXFileReference; lastKnownFileType = sourcecode.swift; path = RequestAPI.swift; sourceTree = "<group>"; };
/* End PBXFileReference section */

/* Begin PBXFrameworksBuildPhase section */
		9C4AA06429FF649D006F2B58 /* Frameworks */ = {
			isa = PBXFrameworksBuildPhase;
			buildActionMask = 2147483647;
			files = (
			);
			runOnlyForDeploymentPostprocessing = 0;
		};
/* End PBXFrameworksBuildPhase section */

/* Begin PBXGroup section */
		9C4AA05E29FF649D006F2B58 = {
			isa = PBXGroup;
			children = (
				9C4AA06929FF649D006F2B58 /* lolSerachApp */,
				9C4AA06829FF649D006F2B58 /* Products */,
			);
			sourceTree = "<group>";
		};
		9C4AA06829FF649D006F2B58 /* Products */ = {
			isa = PBXGroup;
			children = (
				9C4AA06729FF649D006F2B58 /* lolSerachApp.app */,
			);
			name = Products;
			sourceTree = "<group>";
		};
		9C4AA06929FF649D006F2B58 /* lolSerachApp */ = {
			isa = PBXGroup;
			children = (
				9C4AA07029FF649D006F2B58 /* Main.storyboard */,
				9C4AA06A29FF649D006F2B58 /* AppDelegate.swift */,
				9C4AA08629FF6A59006F2B58 /* DetailViewController.swift */,
				9C4AA08729FF6A59006F2B58 /* DetailViewController.xib */,
				9C4AA08429FF6919006F2B58 /* ButtonController.swift */,
				9C4AA08A29FFEC5C006F2B58 /* RequestAPI.swift */,
				9C4AA06C29FF649D006F2B58 /* SceneDelegate.swift */,
				9C4AA06E29FF649D006F2B58 /* SearchViewController.swift */,
				9C4AA08129FF6728006F2B58 /* images */,
				9C4AA07629FF649E006F2B58 /* Assets.xcassets */,
				9C4AA07829FF649E006F2B58 /* LaunchScreen.storyboard */,
				9C4AA07B29FF649E006F2B58 /* Info.plist */,
				9C4AA07329FF649D006F2B58 /* lolSerachApp.xcdatamodeld */,
			);
			path = lolSerachApp;
			sourceTree = "<group>";
		};
		9C4AA08129FF6728006F2B58 /* images */ = {
			isa = PBXGroup;
			children = (
				9C4AA08229FF6756006F2B58 /* lol_logo.png */,
			);
			path = images;
			sourceTree = "<group>";
		};
/* End PBXGroup section */

/* Begin PBXNativeTarget section */
		9C4AA06629FF649D006F2B58 /* lolSerachApp */ = {
			isa = PBXNativeTarget;
			buildConfigurationList = 9C4AA07E29FF649E006F2B58 /* Build configuration list for PBXNativeTarget "lolSerachApp" */;
			buildPhases = (
				9C4AA06329FF649D006F2B58 /* Sources */,
				9C4AA06429FF649D006F2B58 /* Frameworks */,
				9C4AA06529FF649D006F2B58 /* Resources */,
			);
			buildRules = (
			);
			dependencies = (
			);
			name = lolSerachApp;
			productName = lolSerachApp;
			productReference = 9C4AA06729FF649D006F2B58 /* lolSerachApp.app */;
			productType = "com.apple.product-type.application";
		};
/* End PBXNativeTarget section */

/* Begin PBXProject section */
		9C4AA05F29FF649D006F2B58 /* Project object */ = {
			isa = PBXProject;
			attributes = {
				BuildIndependentTargetsInParallel = 1;
				LastSwiftUpdateCheck = 1430;
				LastUpgradeCheck = 1430;
				TargetAttributes = {
					9C4AA06629FF649D006F2B58 = {
						CreatedOnToolsVersion = 14.3;
					};
				};
			};
			buildConfigurationList = 9C4AA06229FF649D006F2B58 /* Build configuration list for PBXProject "lolSerachApp" */;
			compatibilityVersion = "Xcode 14.0";
			developmentRegion = en;
			hasScannedForEncodings = 0;
			knownRegions = (
				en,
				Base,
			);
			mainGroup = 9C4AA05E29FF649D006F2B58;
			productRefGroup = 9C4AA06829FF649D006F2B58 /* Products */;
			projectDirPath = "";
			projectRoot = "";
			targets = (
				9C4AA06629FF649D006F2B58 /* lolSerachApp */,
			);
		};
/* End PBXProject section */

/* Begin PBXResourcesBuildPhase section */
		9C4AA06529FF649D006F2B58 /* Resources */ = {
			isa = PBXResourcesBuildPhase;
			buildActionMask = 2147483647;
			files = (
				9C4AA07A29FF649E006F2B58 /* LaunchScreen.storyboard in Resources */,
				9C4AA07729FF649E006F2B58 /* Assets.xcassets in Resources */,
				9C4AA08929FF6A59006F2B58 /* DetailViewController.xib in Resources */,
				9C4AA08329FF6756006F2B58 /* lol_logo.png in Resources */,
				9C4AA07229FF649D006F2B58 /* Main.storyboard in Resources */,
			);
			runOnlyForDeploymentPostprocessing = 0;
		};
/* End PBXResourcesBuildPhase section */

/* Begin PBXSourcesBuildPhase section */
		9C4AA06329FF649D006F2B58 /* Sources */ = {
			isa = PBXSourcesBuildPhase;
			buildActionMask = 2147483647;
			files = (
				9C4AA06F29FF649D006F2B58 /* SearchViewController.swift in Sources */,
				9C4AA06B29FF649D006F2B58 /* AppDelegate.swift in Sources */,
				9C4AA08529FF6919006F2B58 /* ButtonController.swift in Sources */,
				9C4AA08829FF6A59006F2B58 /* DetailViewController.swift in Sources */,
				9C4AA06D29FF649D006F2B58 /* SceneDelegate.swift in Sources */,
				9C4AA08B29FFEC5C006F2B58 /* RequestAPI.swift in Sources */,
				9C4AA07529FF649D006F2B58 /* lolSerachApp.xcdatamodeld in Sources */,
			);
			runOnlyForDeploymentPostprocessing = 0;
		};
/* End PBXSourcesBuildPhase section */

/* Begin PBXVariantGroup section */
		9C4AA07029FF649D006F2B58 /* Main.storyboard */ = {
			isa = PBXVariantGroup;
			children = (
				9C4AA07129FF649D006F2B58 /* Base */,
			);
			name = Main.storyboard;
			sourceTree = "<group>";
		};
		9C4AA07829FF649E006F2B58 /* LaunchScreen.storyboard */ = {
			isa = PBXVariantGroup;
			children = (
				9C4AA07929FF649E006F2B58 /* Base */,
			);
			name = LaunchScreen.storyboard;
			sourceTree = "<group>";
		};
/* End PBXVariantGroup section */

/* Begin XCBuildConfiguration section */
		9C4AA07C29FF649E006F2B58 /* Debug */ = {
			isa = XCBuildConfiguration;
			buildSettings = {
				ALWAYS_SEARCH_USER_PATHS = NO;
				CLANG_ANALYZER_NONNULL = YES;
				CLANG_ANALYZER_NUMBER_OBJECT_CONVERSION = YES_AGGRESSIVE;
				CLANG_CXX_LANGUAGE_STANDARD = "gnu++20";
				CLANG_ENABLE_MODULES = YES;
				CLANG_ENABLE_OBJC_ARC = YES;
				CLANG_ENABLE_OBJC_WEAK = YES;
				CLANG_WARN_BLOCK_CAPTURE_AUTORELEASING = YES;
				CLANG_WARN_BOOL_CONVERSION = YES;
				CLANG_WARN_COMMA = YES;
				CLANG_WARN_CONSTANT_CONVERSION = YES;
				CLANG_WARN_DEPRECATED_OBJC_IMPLEMENTATIONS = YES;
				CLANG_WARN_DIRECT_OBJC_ISA_USAGE = YES_ERROR;
				CLANG_WARN_DOCUMENTATION_COMMENTS = YES;
				CLANG_WARN_EMPTY_BODY = YES;
				CLANG_WARN_ENUM_CONVERSION = YES;
				CLANG_WARN_INFINITE_RECURSION = YES;
				CLANG_WARN_INT_CONVERSION = YES;
				CLANG_WARN_NON_LITERAL_NULL_CONVERSION = YES;
				CLANG_WARN_OBJC_IMPLICIT_RETAIN_SELF = YES;
				CLANG_WARN_OBJC_LITERAL_CONVERSION = YES;
				CLANG_WARN_OBJC_ROOT_CLASS = YES_ERROR;
				CLANG_WARN_QUOTED_INCLUDE_IN_FRAMEWORK_HEADER = YES;
				CLANG_WARN_RANGE_LOOP_ANALYSIS = YES;
				CLANG_WARN_STRICT_PROTOTYPES = YES;
				CLANG_WARN_SUSPICIOUS_MOVE = YES;
				CLANG_WARN_UNGUARDED_AVAILABILITY = YES_AGGRESSIVE;
				CLANG_WARN_UNREACHABLE_CODE = YES;
				CLANG_WARN__DUPLICATE_METHOD_MATCH = YES;
				COPY_PHASE_STRIP = NO;
				DEBUG_INFORMATION_FORMAT = dwarf;
				ENABLE_STRICT_OBJC_MSGSEND = YES;
				ENABLE_TESTABILITY = YES;
				GCC_C_LANGUAGE_STANDARD = gnu11;
				GCC_DYNAMIC_NO_PIC = NO;
				GCC_NO_COMMON_BLOCKS = YES;
				GCC_OPTIMIZATION_LEVEL = 0;
				GCC_PREPROCESSOR_DEFINITIONS = (
					"DEBUG=1",
					"$(inherited)",
				);
				GCC_WARN_64_TO_32_BIT_CONVERSION = YES;
				GCC_WARN_ABOUT_RETURN_TYPE = YES_ERROR;
				GCC_WARN_UNDECLARED_SELECTOR = YES;
				GCC_WARN_UNINITIALIZED_AUTOS = YES_AGGRESSIVE;
				GCC_WARN_UNUSED_FUNCTION = YES;
				GCC_WARN_UNUSED_VARIABLE = YES;
				IPHONEOS_DEPLOYMENT_TARGET = 16.4;
				MTL_ENABLE_DEBUG_INFO = INCLUDE_SOURCE;
				MTL_FAST_MATH = YES;
				ONLY_ACTIVE_ARCH = YES;
				SDKROOT = iphoneos;
				SWIFT_ACTIVE_COMPILATION_CONDITIONS = DEBUG;
				SWIFT_OPTIMIZATION_LEVEL = "-Onone";
			};
			name = Debug;
		};
		9C4AA07D29FF649E006F2B58 /* Release */ = {
			isa = XCBuildConfiguration;
			buildSettings = {
				ALWAYS_SEARCH_USER_PATHS = NO;
				CLANG_ANALYZER_NONNULL = YES;
				CLANG_ANALYZER_NUMBER_OBJECT_CONVERSION = YES_AGGRESSIVE;
				CLANG_CXX_LANGUAGE_STANDARD = "gnu++20";
				CLANG_ENABLE_MODULES = YES;
				CLANG_ENABLE_OBJC_ARC = YES;
				CLANG_ENABLE_OBJC_WEAK = YES;
				CLANG_WARN_BLOCK_CAPTURE_AUTORELEASING = YES;
				CLANG_WARN_BOOL_CONVERSION = YES;
				CLANG_WARN_COMMA = YES;
				CLANG_WARN_CONSTANT_CONVERSION = YES;
				CLANG_WARN_DEPRECATED_OBJC_IMPLEMENTATIONS = YES;
				CLANG_WARN_DIRECT_OBJC_ISA_USAGE = YES_ERROR;
				CLANG_WARN_DOCUMENTATION_COMMENTS = YES;
				CLANG_WARN_EMPTY_BODY = YES;
				CLANG_WARN_ENUM_CONVERSION = YES;
				CLANG_WARN_INFINITE_RECURSION = YES;
				CLANG_WARN_INT_CONVERSION = YES;
				CLANG_WARN_NON_LITERAL_NULL_CONVERSION = YES;
				CLANG_WARN_OBJC_IMPLICIT_RETAIN_SELF = YES;
				CLANG_WARN_OBJC_LITERAL_CONVERSION = YES;
				CLANG_WARN_OBJC_ROOT_CLASS = YES_ERROR;
				CLANG_WARN_QUOTED_INCLUDE_IN_FRAMEWORK_HEADER = YES;
				CLANG_WARN_RANGE_LOOP_ANALYSIS = YES;
				CLANG_WARN_STRICT_PROTOTYPES = YES;
				CLANG_WARN_SUSPICIOUS_MOVE = YES;
				CLANG_WARN_UNGUARDED_AVAILABILITY = YES_AGGRESSIVE;
				CLANG_WARN_UNREACHABLE_CODE = YES;
				CLANG_WARN__DUPLICATE_METHOD_MATCH = YES;
				COPY_PHASE_STRIP = NO;
				DEBUG_INFORMATION_FORMAT = "dwarf-with-dsym";
				ENABLE_NS_ASSERTIONS = NO;
				ENABLE_STRICT_OBJC_MSGSEND = YES;
				GCC_C_LANGUAGE_STANDARD = gnu11;
				GCC_NO_COMMON_BLOCKS = YES;
				GCC_WARN_64_TO_32_BIT_CONVERSION = YES;
				GCC_WARN_ABOUT_RETURN_TYPE = YES_ERROR;
				GCC_WARN_UNDECLARED_SELECTOR = YES;
				GCC_WARN_UNINITIALIZED_AUTOS = YES_AGGRESSIVE;
				GCC_WARN_UNUSED_FUNCTION = YES;
				GCC_WARN_UNUSED_VARIABLE = YES;
				IPHONEOS_DEPLOYMENT_TARGET = 16.4;
				MTL_ENABLE_DEBUG_INFO = NO;
				MTL_FAST_MATH = YES;
				SDKROOT = iphoneos;
				SWIFT_COMPILATION_MODE = wholemodule;
				SWIFT_OPTIMIZATION_LEVEL = "-O";
				VALIDATE_PRODUCT = YES;
			};
			name = Release;
		};
		9C4AA07F29FF649E006F2B58 /* Debug */ = {
			isa = XCBuildConfiguration;
			buildSettings = {
				ASSETCATALOG_COMPILER_APPICON_NAME = AppIcon;
				ASSETCATALOG_COMPILER_GLOBAL_ACCENT_COLOR_NAME = AccentColor;
				CODE_SIGN_STYLE = Automatic;
				CURRENT_PROJECT_VERSION = 1;
				DEVELOPMENT_TEAM = YB92RD497C;
				GENERATE_INFOPLIST_FILE = YES;
				INFOPLIST_FILE = lolSerachApp/Info.plist;
				INFOPLIST_KEY_UIApplicationSupportsIndirectInputEvents = YES;
				INFOPLIST_KEY_UILaunchStoryboardName = LaunchScreen;
				INFOPLIST_KEY_UIMainStoryboardFile = Main;
				INFOPLIST_KEY_UISupportedInterfaceOrientations_iPad = "UIInterfaceOrientationPortrait UIInterfaceOrientationPortraitUpsideDown UIInterfaceOrientationLandscapeLeft UIInterfaceOrientationLandscapeRight";
				INFOPLIST_KEY_UISupportedInterfaceOrientations_iPhone = "UIInterfaceOrientationPortrait UIInterfaceOrientationLandscapeLeft UIInterfaceOrientationLandscapeRight";
				LD_RUNPATH_SEARCH_PATHS = (
					"$(inherited)",
					"@executable_path/Frameworks",
				);
				MARKETING_VERSION = 1.0;
				PRODUCT_BUNDLE_IDENTIFIER = stkim.lolSerachApp;
				PRODUCT_NAME = "$(TARGET_NAME)";
				SWIFT_EMIT_LOC_STRINGS = YES;
				SWIFT_VERSION = 5.0;
				TARGETED_DEVICE_FAMILY = "1,2";
			};
			name = Debug;
		};
		9C4AA08029FF649E006F2B58 /* Release */ = {
			isa = XCBuildConfiguration;
			buildSettings = {
				ASSETCATALOG_COMPILER_APPICON_NAME = AppIcon;
				ASSETCATALOG_COMPILER_GLOBAL_ACCENT_COLOR_NAME = AccentColor;
				CODE_SIGN_STYLE = Automatic;
				CURRENT_PROJECT_VERSION = 1;
				DEVELOPMENT_TEAM = YB92RD497C;
				GENERATE_INFOPLIST_FILE = YES;
				INFOPLIST_FILE = lolSerachApp/Info.plist;
				INFOPLIST_KEY_UIApplicationSupportsIndirectInputEvents = YES;
				INFOPLIST_KEY_UILaunchStoryboardName = LaunchScreen;
				INFOPLIST_KEY_UIMainStoryboardFile = Main;
				INFOPLIST_KEY_UISupportedInterfaceOrientations_iPad = "UIInterfaceOrientationPortrait UIInterfaceOrientationPortraitUpsideDown UIInterfaceOrientationLandscapeLeft UIInterfaceOrientationLandscapeRight";
				INFOPLIST_KEY_UISupportedInterfaceOrientations_iPhone = "UIInterfaceOrientationPortrait UIInterfaceOrientationLandscapeLeft UIInterfaceOrientationLandscapeRight";
				LD_RUNPATH_SEARCH_PATHS = (
					"$(inherited)",
					"@executable_path/Frameworks",
				);
				MARKETING_VERSION = 1.0;
				PRODUCT_BUNDLE_IDENTIFIER = stkim.lolSerachApp;
				PRODUCT_NAME = "$(TARGET_NAME)";
				SWIFT_EMIT_LOC_STRINGS = YES;
				SWIFT_VERSION = 5.0;
				TARGETED_DEVICE_FAMILY = "1,2";
			};
			name = Release;
		};
/* End XCBuildConfiguration section */

/* Begin XCConfigurationList section */
		9C4AA06229FF649D006F2B58 /* Build configuration list for PBXProject "lolSerachApp" */ = {
			isa = XCConfigurationList;
			buildConfigurations = (
				9C4AA07C29FF649E006F2B58 /* Debug */,
				9C4AA07D29FF649E006F2B58 /* Release */,
			);
			defaultConfigurationIsVisible = 0;
			defaultConfigurationName = Release;
		};
		9C4AA07E29FF649E006F2B58 /* Build configuration list for PBXNativeTarget "lolSerachApp" */ = {
			isa = XCConfigurationList;
			buildConfigurations = (
				9C4AA07F29FF649E006F2B58 /* Debug */,
				9C4AA08029FF649E006F2B58 /* Release */,
			);
			defaultConfigurationIsVisible = 0;
			defaultConfigurationName = Release;
		};
/* End XCConfigurationList section */

/* Begin XCVersionGroup section */
		9C4AA07329FF649D006F2B58 /* lolSerachApp.xcdatamodeld */ = {
			isa = XCVersionGroup;
			children = (
				9C4AA07429FF649D006F2B58 /* lolSerachApp.xcdatamodel */,
			);
			currentVersion = 9C4AA07429FF649D006F2B58 /* lolSerachApp.xcdatamodel */;
			path = lolSerachApp.xcdatamodeld;
			sourceTree = "<group>";
			versionGroupType = wrapper.xcdatamodel;
		};
/* End XCVersionGroup section */
	};
	rootObject = 9C4AA05F29FF649D006F2B58 /* Project object */;
}
